
Microsoft Visual Studio Solution File, Format Version 12.00
# Visual Studio 15
VisualStudioVersion = 15.0.26127.3
MinimumVisualStudioVersion = 10.0.40219.1
Project("{FAE04EC0-301F-11D3-BF4B-00C04F79EFBC}") = "Server", "DBSever\Server.csproj", "{A40A4A3B-FAA0-40DF-83D6-91071400BB61}"
EndProject
Project("{FAE04EC0-301F-11D3-BF4B-00C04F79EFBC}") = "RawDataClient", "RawDataClient\RawDataClient.csproj", "{0E04CF0A-9D3A-4B06-9CE8-C2F704929E28}"
EndProject
Global
	GlobalSection(SolutionConfigurationPlatforms) = preSolution
		Debug|Any CPU = Debug|Any CPU
		Release|Any CPU = Release|Any CPU
	EndGlobalSection
	GlobalSection(ProjectConfigurationPlatforms) = postSolution
		{A40A4A3B-FAA0-40DF-83D6-91071400BB61}.Debug|Any CPU.ActiveCfg = Debug|Any CPU
		{A40A4A3B-FAA0-40DF-83D6-91071400BB61}.Debug|Any CPU.Build.0 = Debug|Any CPU
		{A40A4A3B-FAA0-40DF-83D6-91071400BB61}.Release|Any CPU.ActiveCfg = Release|Any CPU
		{A40A4A3B-FAA0-40DF-83D6-91071400BB61}.Release|Any CPU.Build.0 = Release|Any CPU
		{0E04CF0A-9D3A-4B06-9CE8-C2F704929E28}.Debug|Any CPU.ActiveCfg = Debug|Any CPU
		{0E04CF0A-9D3A-4B06-9CE8-C2F704929E28}.Debug|Any CPU.Build.0 = Debug|Any CPU
		{0E04CF0A-9D3A-4B06-9CE8-C2F704929E28}.Release|Any CPU.ActiveCfg = Release|Any CPU
		{0E04CF0A-9D3A-4B06-9CE8-C2F704929E28}.Release|Any CPU.Build.0 = Release|Any CPU
	EndGlobalSection
	GlobalSection(SolutionProperties) = preSolution
		HideSolutionNode = FALSE
	EndGlobalSection
EndGlobal
